
Microsoft Visual Studio Solution File, Format Version 12.00
# Visual Studio Version 17
VisualStudioVersion = 17.4.33205.214
MinimumVisualStudioVersion = 10.0.40219.1
Project("{FAE04EC0-301F-11D3-BF4B-00C04F79EFBC}") = "CaspoExam", "CaspoExam.csproj", "{57EC87DD-58B8-40EE-99F0-9EE6A5BFEFE6}"
EndProject
Global
	GlobalSection(SolutionConfigurationPlatforms) = preSolution
		Debug|Any CPU = Debug|Any CPU
		Release|Any CPU = Release|Any CPU
	EndGlobalSection
	GlobalSection(ProjectConfigurationPlatforms) = postSolution
		{57EC87DD-58B8-40EE-99F0-9EE6A5BFEFE6}.Debug|Any CPU.ActiveCfg = Debug|Any CPU
		{57EC87DD-58B8-40EE-99F0-9EE6A5BFEFE6}.Debug|Any CPU.Build.0 = Debug|Any CPU
		{57EC87DD-58B8-40EE-99F0-9EE6A5BFEFE6}.Release|Any CPU.ActiveCfg = Release|Any CPU
		{57EC87DD-58B8-40EE-99F0-9EE6A5BFEFE6}.Release|Any CPU.Build.0 = Release|Any CPU
	EndGlobalSection
	GlobalSection(SolutionProperties) = preSolution
		HideSolutionNode = FALSE
	EndGlobalSection
	GlobalSection(ExtensibilityGlobals) = postSolution
		SolutionGuid = {019AC13C-3894-49DB-A872-3BA314919DD6}
	EndGlobalSection
EndGlobal
